
Microsoft Visual Studio Solution File, Format Version 12.00
# Visual Studio Version 16
VisualStudioVersion = 16.0.31424.327
MinimumVisualStudioVersion = 10.0.40219.1
Project("{FAE04EC0-301F-11D3-BF4B-00C04F79EFBC}") = "ConsoleAppDrive1", "ConsoleAppDrive1\ConsoleAppDrive1.csproj", "{0F421D74-70F2-4088-BC09-7A62BEB743B3}"
EndProject
Global
	GlobalSection(SolutionConfigurationPlatforms) = preSolution
		Debug|Any CPU = Debug|Any CPU
		Release|Any CPU = Release|Any CPU
	EndGlobalSection
	GlobalSection(ProjectConfigurationPlatforms) = postSolution
		{0F421D74-70F2-4088-BC09-7A62BEB743B3}.Debug|Any CPU.ActiveCfg = Debug|Any CPU
		{0F421D74-70F2-4088-BC09-7A62BEB743B3}.Debug|Any CPU.Build.0 = Debug|Any CPU
		{0F421D74-70F2-4088-BC09-7A62BEB743B3}.Release|Any CPU.ActiveCfg = Release|Any CPU
		{0F421D74-70F2-4088-BC09-7A62BEB743B3}.Release|Any CPU.Build.0 = Release|Any CPU
	EndGlobalSection
	GlobalSection(SolutionProperties) = preSolution
		HideSolutionNode = FALSE
	EndGlobalSection
	GlobalSection(ExtensibilityGlobals) = postSolution
		SolutionGuid = {A7ABCBA3-EC5F-4B31-9497-61BDD3007428}
	EndGlobalSection
EndGlobal
